
Microsoft Visual Studio Solution File, Format Version 12.00
# Visual Studio Version 16
VisualStudioVersion = 16.0.30621.155
MinimumVisualStudioVersion = 10.0.40219.1
Project("{9A19103F-16F7-4668-BE54-9A1E7A4F7556}") = "StreamNode", "StreamNode\StreamNode.csproj", "{7F61EC0C-C4CA-4216-938C-D52FD5DE86CC}"
EndProject
Project("{FAE04EC0-301F-11D3-BF4B-00C04F79EFBC}") = "StreamNodeEngine", "StreamNodeEngine\StreamNodeEngine.csproj", "{A3AF9DAC-6B9A-48A5-B82F-DB3F0FBC00EB}"
EndProject
Global
	GlobalSection(SolutionConfigurationPlatforms) = preSolution
		Debug|Any CPU = Debug|Any CPU
		Release|Any CPU = Release|Any CPU
	EndGlobalSection
	GlobalSection(ProjectConfigurationPlatforms) = postSolution
		{7F61EC0C-C4CA-4216-938C-D52FD5DE86CC}.Debug|Any CPU.ActiveCfg = Debug|Any CPU
		{7F61EC0C-C4CA-4216-938C-D52FD5DE86CC}.Debug|Any CPU.Build.0 = Debug|Any CPU
		{7F61EC0C-C4CA-4216-938C-D52FD5DE86CC}.Release|Any CPU.ActiveCfg = Release|Any CPU
		{7F61EC0C-C4CA-4216-938C-D52FD5DE86CC}.Release|Any CPU.Build.0 = Release|Any CPU
		{A3AF9DAC-6B9A-48A5-B82F-DB3F0FBC00EB}.Debug|Any CPU.ActiveCfg = Debug|Any CPU
		{A3AF9DAC-6B9A-48A5-B82F-DB3F0FBC00EB}.Debug|Any CPU.Build.0 = Debug|Any CPU
		{A3AF9DAC-6B9A-48A5-B82F-DB3F0FBC00EB}.Release|Any CPU.ActiveCfg = Release|Any CPU
		{A3AF9DAC-6B9A-48A5-B82F-DB3F0FBC00EB}.Release|Any CPU.Build.0 = Release|Any CPU
	EndGlobalSection
	GlobalSection(SolutionProperties) = preSolution
		HideSolutionNode = FALSE
	EndGlobalSection
	GlobalSection(ExtensibilityGlobals) = postSolution
		SolutionGuid = {896C42AD-4DF9-4F5A-9F39-7BB2D4B74640}
	EndGlobalSection
EndGlobal
